
Microsoft Visual Studio Solution File, Format Version 12.00
# Visual Studio Version 17
VisualStudioVersion = 17.3.32922.545
MinimumVisualStudioVersion = 10.0.40219.1
Project("{FAE04EC0-301F-11D3-BF4B-00C04F79EFBC}") = "ControlTower", "ControlTower.csproj", "{DCC7A42A-75D7-4710-BA44-51B09222742E}"
EndProject
Project("{FAE04EC0-301F-11D3-BF4B-00C04F79EFBC}") = "DAL", "..\DAL\DAL.csproj", "{AF6578CD-FB81-448A-A3B3-E6090FE4ACE3}"
EndProject
Global
	GlobalSection(SolutionConfigurationPlatforms) = preSolution
		Debug|Any CPU = Debug|Any CPU
		Release|Any CPU = Release|Any CPU
	EndGlobalSection
	GlobalSection(ProjectConfigurationPlatforms) = postSolution
		{DCC7A42A-75D7-4710-BA44-51B09222742E}.Debug|Any CPU.ActiveCfg = Debug|Any CPU
		{DCC7A42A-75D7-4710-BA44-51B09222742E}.Debug|Any CPU.Build.0 = Debug|Any CPU
		{DCC7A42A-75D7-4710-BA44-51B09222742E}.Release|Any CPU.ActiveCfg = Release|Any CPU
		{DCC7A42A-75D7-4710-BA44-51B09222742E}.Release|Any CPU.Build.0 = Release|Any CPU
		{AF6578CD-FB81-448A-A3B3-E6090FE4ACE3}.Debug|Any CPU.ActiveCfg = Debug|Any CPU
		{AF6578CD-FB81-448A-A3B3-E6090FE4ACE3}.Debug|Any CPU.Build.0 = Debug|Any CPU
		{AF6578CD-FB81-448A-A3B3-E6090FE4ACE3}.Release|Any CPU.ActiveCfg = Release|Any CPU
		{AF6578CD-FB81-448A-A3B3-E6090FE4ACE3}.Release|Any CPU.Build.0 = Release|Any CPU
	EndGlobalSection
	GlobalSection(SolutionProperties) = preSolution
		HideSolutionNode = FALSE
	EndGlobalSection
	GlobalSection(ExtensibilityGlobals) = postSolution
		SolutionGuid = {05A689E8-0563-4C6F-9234-5EB32C044E8F}
	EndGlobalSection
EndGlobal
